
Microsoft Visual Studio Solution File, Format Version 12.00
# Visual Studio Version 17
VisualStudioVersion = 17.14.36301.6 d17.14
MinimumVisualStudioVersion = 10.0.40219.1
Project("{FAE04EC0-301F-11D3-BF4B-00C04F79EFBC}") = "c#opp01", "c#opp01.csproj", "{5CE6E25F-8BF3-47FA-AA3D-0D5A8EE95821}"
EndProject
Global
	GlobalSection(SolutionConfigurationPlatforms) = preSolution
		Debug|Any CPU = Debug|Any CPU
		Release|Any CPU = Release|Any CPU
	EndGlobalSection
	GlobalSection(ProjectConfigurationPlatforms) = postSolution
		{5CE6E25F-8BF3-47FA-AA3D-0D5A8EE95821}.Debug|Any CPU.ActiveCfg = Debug|Any CPU
		{5CE6E25F-8BF3-47FA-AA3D-0D5A8EE95821}.Debug|Any CPU.Build.0 = Debug|Any CPU
		{5CE6E25F-8BF3-47FA-AA3D-0D5A8EE95821}.Release|Any CPU.ActiveCfg = Release|Any CPU
		{5CE6E25F-8BF3-47FA-AA3D-0D5A8EE95821}.Release|Any CPU.Build.0 = Release|Any CPU
	EndGlobalSection
	GlobalSection(SolutionProperties) = preSolution
		HideSolutionNode = FALSE
	EndGlobalSection
	GlobalSection(ExtensibilityGlobals) = postSolution
		SolutionGuid = {184926F8-4C99-43AE-B38A-5E2DEEA04FA9}
	EndGlobalSection
EndGlobal
